
Microsoft Visual Studio Solution File, Format Version 12.00
# Visual Studio Version 17
VisualStudioVersion = 17.5.002.0
MinimumVisualStudioVersion = 10.0.40219.1
Project("{9A19103F-16F7-4668-BE54-9A1E7A4F7556}") = "telem2CoT", "telem2CoT.csproj", "{72B6F418-3565-48F1-B335-C64A20FECBED}"
EndProject
Global
	GlobalSection(SolutionConfigurationPlatforms) = preSolution
		Debug|Any CPU = Debug|Any CPU
		Release|Any CPU = Release|Any CPU
	EndGlobalSection
	GlobalSection(ProjectConfigurationPlatforms) = postSolution
		{72B6F418-3565-48F1-B335-C64A20FECBED}.Debug|Any CPU.ActiveCfg = Debug|Any CPU
		{72B6F418-3565-48F1-B335-C64A20FECBED}.Debug|Any CPU.Build.0 = Debug|Any CPU
		{72B6F418-3565-48F1-B335-C64A20FECBED}.Release|Any CPU.ActiveCfg = Release|Any CPU
		{72B6F418-3565-48F1-B335-C64A20FECBED}.Release|Any CPU.Build.0 = Release|Any CPU
	EndGlobalSection
	GlobalSection(SolutionProperties) = preSolution
		HideSolutionNode = FALSE
	EndGlobalSection
	GlobalSection(ExtensibilityGlobals) = postSolution
		SolutionGuid = {93C60F77-E9D6-4495-AC5B-A48140B9D5E2}
	EndGlobalSection
EndGlobal
